
Microsoft Visual Studio Solution File, Format Version 12.00
# Visual Studio Version 17
VisualStudioVersion = 17.9.34723.18
MinimumVisualStudioVersion = 10.0.40219.1
Project("{9A19103F-16F7-4668-BE54-9A1E7A4F7556}") = "PDFCreator", "PDFCreator.csproj", "{4953400A-270D-4332-825C-C0C10853BBFB}"
EndProject
Global
	GlobalSection(SolutionConfigurationPlatforms) = preSolution
		Debug|Any CPU = Debug|Any CPU
		Release|Any CPU = Release|Any CPU
	EndGlobalSection
	GlobalSection(ProjectConfigurationPlatforms) = postSolution
		{4953400A-270D-4332-825C-C0C10853BBFB}.Debug|Any CPU.ActiveCfg = Debug|Any CPU
		{4953400A-270D-4332-825C-C0C10853BBFB}.Debug|Any CPU.Build.0 = Debug|Any CPU
		{4953400A-270D-4332-825C-C0C10853BBFB}.Release|Any CPU.ActiveCfg = Release|Any CPU
		{4953400A-270D-4332-825C-C0C10853BBFB}.Release|Any CPU.Build.0 = Release|Any CPU
	EndGlobalSection
	GlobalSection(SolutionProperties) = preSolution
		HideSolutionNode = FALSE
	EndGlobalSection
	GlobalSection(ExtensibilityGlobals) = postSolution
		SolutionGuid = {A6B1868E-062F-4075-919D-6AEF0D43616C}
	EndGlobalSection
EndGlobal
