
Microsoft Visual Studio Solution File, Format Version 12.00
# Visual Studio Version 17
VisualStudioVersion = 17.9.34723.18
MinimumVisualStudioVersion = 10.0.40219.1
Project("{9A19103F-16F7-4668-BE54-9A1E7A4F7556}") = "PDFCreator", "PDFCreator.csproj", "{4953400A-270D-4332-825C-C0C10853BBFB}"
EndProject
Project("{9A19103F-16F7-4668-BE54-9A1E7A4F7556}") = "CountFile", "..\CountFile\CountFile.csproj", "{D890D842-F9F3-4232-813A-908B84FA6E11}"
EndProject
Project("{FAE04EC0-301F-11D3-BF4B-00C04F79EFBC}") = "PDFReader", "PDFReader\PDFReader.csproj", "{339418A0-860D-4D93-98C7-ECB953253ED3}"
EndProject
Project("{FAE04EC0-301F-11D3-BF4B-00C04F79EFBC}") = "CheckPrice", "..\CheckPrice\CheckPrice.csproj", "{A0D81E88-6E3A-4FEB-B22B-2381A5F607F0}"
EndProject
Project("{FAE04EC0-301F-11D3-BF4B-00C04F79EFBC}") = "Playwright", "..\..\RPA\Playwright\Playwright.csproj", "{6FB971EE-C77F-44BC-9EC2-D1404C5B363E}"
EndProject
Project("{FAE04EC0-301F-11D3-BF4B-00C04F79EFBC}") = "MSAPI", "..\..\RPA\RPAHK06_API\MSAPI\MSAPI.csproj", "{DCE89A6A-BB1D-4E02-8562-43BF0A9C4F2F}"
EndProject
Project("{FAE04EC0-301F-11D3-BF4B-00C04F79EFBC}") = "AddChromeExtension", "..\..\RPA\AddChromeExtension\AddChromeExtension.csproj", "{ADF925AC-DF03-4C05-A53A-28A8078941E9}"
EndProject
Project("{FAE04EC0-301F-11D3-BF4B-00C04F79EFBC}") = "AddChromeExtensionNetFramework", "..\..\RPA\AddChromeExtensionNetFramework\AddChromeExtensionNetFramework.csproj", "{261D69EF-7104-4E72-B050-C7D71BDAFF83}"
EndProject
Project("{FAE04EC0-301F-11D3-BF4B-00C04F79EFBC}") = "OutlookReader", "..\OutlookReader\OutlookReader.csproj", "{F13FB7E9-4CEA-4DA5-B2B3-C65B9E670789}"
EndProject
Global
	GlobalSection(SolutionConfigurationPlatforms) = preSolution
		Debug|Any CPU = Debug|Any CPU
		Release|Any CPU = Release|Any CPU
	EndGlobalSection
	GlobalSection(ProjectConfigurationPlatforms) = postSolution
		{4953400A-270D-4332-825C-C0C10853BBFB}.Debug|Any CPU.ActiveCfg = Debug|Any CPU
		{4953400A-270D-4332-825C-C0C10853BBFB}.Debug|Any CPU.Build.0 = Debug|Any CPU
		{4953400A-270D-4332-825C-C0C10853BBFB}.Release|Any CPU.ActiveCfg = Release|Any CPU
		{4953400A-270D-4332-825C-C0C10853BBFB}.Release|Any CPU.Build.0 = Release|Any CPU
		{D890D842-F9F3-4232-813A-908B84FA6E11}.Debug|Any CPU.ActiveCfg = Debug|Any CPU
		{D890D842-F9F3-4232-813A-908B84FA6E11}.Debug|Any CPU.Build.0 = Debug|Any CPU
		{D890D842-F9F3-4232-813A-908B84FA6E11}.Release|Any CPU.ActiveCfg = Release|Any CPU
		{D890D842-F9F3-4232-813A-908B84FA6E11}.Release|Any CPU.Build.0 = Release|Any CPU
		{339418A0-860D-4D93-98C7-ECB953253ED3}.Debug|Any CPU.ActiveCfg = Debug|Any CPU
		{339418A0-860D-4D93-98C7-ECB953253ED3}.Debug|Any CPU.Build.0 = Debug|Any CPU
		{339418A0-860D-4D93-98C7-ECB953253ED3}.Release|Any CPU.ActiveCfg = Release|Any CPU
		{339418A0-860D-4D93-98C7-ECB953253ED3}.Release|Any CPU.Build.0 = Release|Any CPU
		{A0D81E88-6E3A-4FEB-B22B-2381A5F607F0}.Debug|Any CPU.ActiveCfg = Debug|Any CPU
		{A0D81E88-6E3A-4FEB-B22B-2381A5F607F0}.Debug|Any CPU.Build.0 = Debug|Any CPU
		{A0D81E88-6E3A-4FEB-B22B-2381A5F607F0}.Release|Any CPU.ActiveCfg = Release|Any CPU
		{A0D81E88-6E3A-4FEB-B22B-2381A5F607F0}.Release|Any CPU.Build.0 = Release|Any CPU
		{6FB971EE-C77F-44BC-9EC2-D1404C5B363E}.Debug|Any CPU.ActiveCfg = Debug|Any CPU
		{6FB971EE-C77F-44BC-9EC2-D1404C5B363E}.Debug|Any CPU.Build.0 = Debug|Any CPU
		{6FB971EE-C77F-44BC-9EC2-D1404C5B363E}.Release|Any CPU.ActiveCfg = Release|Any CPU
		{6FB971EE-C77F-44BC-9EC2-D1404C5B363E}.Release|Any CPU.Build.0 = Release|Any CPU
		{DCE89A6A-BB1D-4E02-8562-43BF0A9C4F2F}.Debug|Any CPU.ActiveCfg = Debug|Any CPU
		{DCE89A6A-BB1D-4E02-8562-43BF0A9C4F2F}.Debug|Any CPU.Build.0 = Debug|Any CPU
		{DCE89A6A-BB1D-4E02-8562-43BF0A9C4F2F}.Release|Any CPU.ActiveCfg = Release|Any CPU
		{DCE89A6A-BB1D-4E02-8562-43BF0A9C4F2F}.Release|Any CPU.Build.0 = Release|Any CPU
		{ADF925AC-DF03-4C05-A53A-28A8078941E9}.Debug|Any CPU.ActiveCfg = Debug|Any CPU
		{ADF925AC-DF03-4C05-A53A-28A8078941E9}.Debug|Any CPU.Build.0 = Debug|Any CPU
		{ADF925AC-DF03-4C05-A53A-28A8078941E9}.Release|Any CPU.ActiveCfg = Release|Any CPU
		{ADF925AC-DF03-4C05-A53A-28A8078941E9}.Release|Any CPU.Build.0 = Release|Any CPU
		{261D69EF-7104-4E72-B050-C7D71BDAFF83}.Debug|Any CPU.ActiveCfg = Debug|Any CPU
		{261D69EF-7104-4E72-B050-C7D71BDAFF83}.Debug|Any CPU.Build.0 = Debug|Any CPU
		{261D69EF-7104-4E72-B050-C7D71BDAFF83}.Release|Any CPU.ActiveCfg = Release|Any CPU
		{261D69EF-7104-4E72-B050-C7D71BDAFF83}.Release|Any CPU.Build.0 = Release|Any CPU
		{F13FB7E9-4CEA-4DA5-B2B3-C65B9E670789}.Debug|Any CPU.ActiveCfg = Debug|Any CPU
		{F13FB7E9-4CEA-4DA5-B2B3-C65B9E670789}.Debug|Any CPU.Build.0 = Debug|Any CPU
		{F13FB7E9-4CEA-4DA5-B2B3-C65B9E670789}.Release|Any CPU.ActiveCfg = Release|Any CPU
		{F13FB7E9-4CEA-4DA5-B2B3-C65B9E670789}.Release|Any CPU.Build.0 = Release|Any CPU
	EndGlobalSection
	GlobalSection(SolutionProperties) = preSolution
		HideSolutionNode = FALSE
	EndGlobalSection
	GlobalSection(ExtensibilityGlobals) = postSolution
		SolutionGuid = {A6B1868E-062F-4075-919D-6AEF0D43616C}
	EndGlobalSection
EndGlobal
